// !$*UTF8*$!
{
	archiveVersion = 1;
	classes = {
	};
	objectVersion = 46;
	objects = {

/* Begin PBXBuildFile section */
		18F69F491BF930150080D2CD /* Bolts.framework in Frameworks */ = {isa = PBXBuildFile; fileRef = 18F69F421BF930150080D2CD /* Bolts.framework */; };
		18F69F4A1BF930150080D2CD /* Parse.framework in Frameworks */ = {isa = PBXBuildFile; fileRef = 18F69F431BF930150080D2CD /* Parse.framework */; };
		18F69F4B1BF930150080D2CD /* ParseCrashReporting.framework in Frameworks */ = {isa = PBXBuildFile; fileRef = 18F69F441BF930150080D2CD /* ParseCrashReporting.framework */; };
		18F69F4C1BF930150080D2CD /* ParseFacebookUtils.framework in Frameworks */ = {isa = PBXBuildFile; fileRef = 18F69F451BF930150080D2CD /* ParseFacebookUtils.framework */; };
		18F69F4D1BF930150080D2CD /* ParseFacebookUtilsV4.framework in Frameworks */ = {isa = PBXBuildFile; fileRef = 18F69F461BF930150080D2CD /* ParseFacebookUtilsV4.framework */; };
		18F69F4E1BF930150080D2CD /* ParseTwitterUtils.framework in Frameworks */ = {isa = PBXBuildFile; fileRef = 18F69F471BF930150080D2CD /* ParseTwitterUtils.framework */; };
		18F69F4F1BF930150080D2CD /* ParseUI.framework in Frameworks */ = {isa = PBXBuildFile; fileRef = 18F69F481BF930150080D2CD /* ParseUI.framework */; };
		18F69F521BF930520080D2CD /* Accounts.framework in Frameworks */ = {isa = PBXBuildFile; fileRef = 18F69F511BF930520080D2CD /* Accounts.framework */; };
		18F69F5E1BF930940080D2CD /* AudioToolbox.framework in Frameworks */ = {isa = PBXBuildFile; fileRef = 18F69F531BF930940080D2CD /* AudioToolbox.framework */; };
		18F69F5F1BF930940080D2CD /* CFNetwork.framework in Frameworks */ = {isa = PBXBuildFile; fileRef = 18F69F541BF930940080D2CD /* CFNetwork.framework */; };
		18F69F601BF930940080D2CD /* CoreGraphics.framework in Frameworks */ = {isa = PBXBuildFile; fileRef = 18F69F551BF930940080D2CD /* CoreGraphics.framework */; };
		18F69F611BF930940080D2CD /* CoreLocation.framework in Frameworks */ = {isa = PBXBuildFile; fileRef = 18F69F561BF930940080D2CD /* CoreLocation.framework */; };
		18F69F621BF930940080D2CD /* libsqlite3.tbd in Frameworks */ = {isa = PBXBuildFile; fileRef = 18F69F571BF930940080D2CD /* libsqlite3.tbd */; };
		18F69F631BF930940080D2CD /* libz.tbd in Frameworks */ = {isa = PBXBuildFile; fileRef = 18F69F581BF930940080D2CD /* libz.tbd */; };
		18F69F641BF930940080D2CD /* QuartzCore.framework in Frameworks */ = {isa = PBXBuildFile; fileRef = 18F69F591BF930940080D2CD /* QuartzCore.framework */; };
		18F69F651BF930940080D2CD /* Security.framework in Frameworks */ = {isa = PBXBuildFile; fileRef = 18F69F5A1BF930940080D2CD /* Security.framework */; };
		18F69F661BF930940080D2CD /* Social.framework in Frameworks */ = {isa = PBXBuildFile; fileRef = 18F69F5B1BF930940080D2CD /* Social.framework */; };
		18F69F671BF930940080D2CD /* StoreKit.framework in Frameworks */ = {isa = PBXBuildFile; fileRef = 18F69F5C1BF930940080D2CD /* StoreKit.framework */; };
		18F69F681BF930940080D2CD /* SystemConfiguration.framework in Frameworks */ = {isa = PBXBuildFile; fileRef = 18F69F5D1BF930940080D2CD /* SystemConfiguration.framework */; };
		EEABA0971BF4438B00B49F7A /* AppDelegate.swift in Sources */ = {isa = PBXBuildFile; fileRef = EEABA0961BF4438B00B49F7A /* AppDelegate.swift */; };
		EEABA0991BF4438B00B49F7A /* MainViews.swift in Sources */ = {isa = PBXBuildFile; fileRef = EEABA0981BF4438B00B49F7A /* MainViews.swift */; };
		EEABA09C1BF4438B00B49F7A /* Main.storyboard in Resources */ = {isa = PBXBuildFile; fileRef = EEABA09A1BF4438B00B49F7A /* Main.storyboard */; };
		EEABA09F1BF4438B00B49F7A /* Fabric.xcdatamodeld in Sources */ = {isa = PBXBuildFile; fileRef = EEABA09D1BF4438B00B49F7A /* Fabric.xcdatamodeld */; };
		EEABA0A11BF4438C00B49F7A /* Assets.xcassets in Resources */ = {isa = PBXBuildFile; fileRef = EEABA0A01BF4438C00B49F7A /* Assets.xcassets */; };
		EEABA0A41BF4438C00B49F7A /* LaunchScreen.storyboard in Resources */ = {isa = PBXBuildFile; fileRef = EEABA0A21BF4438C00B49F7A /* LaunchScreen.storyboard */; };
		EEF902EE1BF64D0700CA84A2 /* ThirstyScript.otf in Resources */ = {isa = PBXBuildFile; fileRef = EEF902ED1BF64D0700CA84A2 /* ThirstyScript.otf */; };
/* End PBXBuildFile section */

/* Begin PBXContainerItemProxy section */
		EEABA0AB1BF4438C00B49F7A /* PBXContainerItemProxy */ = {
			isa = PBXContainerItemProxy;
			containerPortal = EEABA08B1BF4438B00B49F7A /* Project object */;
			proxyType = 1;
			remoteGlobalIDString = EEABA0921BF4438B00B49F7A;
			remoteInfo = Fabric;
		};
		EEABA0B61BF4438C00B49F7A /* PBXContainerItemProxy */ = {
			isa = PBXContainerItemProxy;
			containerPortal = EEABA08B1BF4438B00B49F7A /* Project object */;
			proxyType = 1;
			remoteGlobalIDString = EEABA0921BF4438B00B49F7A;
			remoteInfo = Fabric;
		};
/* End PBXContainerItemProxy section */

/* Begin PBXFileReference section */
		18F69F421BF930150080D2CD /* Bolts.framework */ = {isa = PBXFileReference; lastKnownFileType = wrapper.framework; path = Bolts.framework; sourceTree = "<group>"; };
		18F69F431BF930150080D2CD /* Parse.framework */ = {isa = PBXFileReference; lastKnownFileType = wrapper.framework; path = Parse.framework; sourceTree = "<group>"; };
		18F69F441BF930150080D2CD /* ParseCrashReporting.framework */ = {isa = PBXFileReference; lastKnownFileType = wrapper.framework; path = ParseCrashReporting.framework; sourceTree = "<group>"; };
		18F69F451BF930150080D2CD /* ParseFacebookUtils.framework */ = {isa = PBXFileReference; lastKnownFileType = wrapper.framework; path = ParseFacebookUtils.framework; sourceTree = "<group>"; };
		18F69F461BF930150080D2CD /* ParseFacebookUtilsV4.framework */ = {isa = PBXFileReference; lastKnownFileType = wrapper.framework; path = ParseFacebookUtilsV4.framework; sourceTree = "<group>"; };
		18F69F471BF930150080D2CD /* ParseTwitterUtils.framework */ = {isa = PBXFileReference; lastKnownFileType = wrapper.framework; path = ParseTwitterUtils.framework; sourceTree = "<group>"; };
		18F69F481BF930150080D2CD /* ParseUI.framework */ = {isa = PBXFileReference; lastKnownFileType = wrapper.framework; path = ParseUI.framework; sourceTree = "<group>"; };
		18F69F511BF930520080D2CD /* Accounts.framework */ = {isa = PBXFileReference; lastKnownFileType = wrapper.framework; name = Accounts.framework; path = System/Library/Frameworks/Accounts.framework; sourceTree = SDKROOT; };
		18F69F531BF930940080D2CD /* AudioToolbox.framework */ = {isa = PBXFileReference; lastKnownFileType = wrapper.framework; name = AudioToolbox.framework; path = System/Library/Frameworks/AudioToolbox.framework; sourceTree = SDKROOT; };
		18F69F541BF930940080D2CD /* CFNetwork.framework */ = {isa = PBXFileReference; lastKnownFileType = wrapper.framework; name = CFNetwork.framework; path = System/Library/Frameworks/CFNetwork.framework; sourceTree = SDKROOT; };
		18F69F551BF930940080D2CD /* CoreGraphics.framework */ = {isa = PBXFileReference; lastKnownFileType = wrapper.framework; name = CoreGraphics.framework; path = System/Library/Frameworks/CoreGraphics.framework; sourceTree = SDKROOT; };
		18F69F561BF930940080D2CD /* CoreLocation.framework */ = {isa = PBXFileReference; lastKnownFileType = wrapper.framework; name = CoreLocation.framework; path = System/Library/Frameworks/CoreLocation.framework; sourceTree = SDKROOT; };
		18F69F571BF930940080D2CD /* libsqlite3.tbd */ = {isa = PBXFileReference; lastKnownFileType = "sourcecode.text-based-dylib-definition"; name = libsqlite3.tbd; path = usr/lib/libsqlite3.tbd; sourceTree = SDKROOT; };
		18F69F581BF930940080D2CD /* libz.tbd */ = {isa = PBXFileReference; lastKnownFileType = "sourcecode.text-based-dylib-definition"; name = libz.tbd; path = usr/lib/libz.tbd; sourceTree = SDKROOT; };
		18F69F591BF930940080D2CD /* QuartzCore.framework */ = {isa = PBXFileReference; lastKnownFileType = wrapper.framework; name = QuartzCore.framework; path = System/Library/Frameworks/QuartzCore.framework; sourceTree = SDKROOT; };
		18F69F5A1BF930940080D2CD /* Security.framework */ = {isa = PBXFileReference; lastKnownFileType = wrapper.framework; name = Security.framework; path = System/Library/Frameworks/Security.framework; sourceTree = SDKROOT; };
		18F69F5B1BF930940080D2CD /* Social.framework */ = {isa = PBXFileReference; lastKnownFileType = wrapper.framework; name = Social.framework; path = System/Library/Frameworks/Social.framework; sourceTree = SDKROOT; };
		18F69F5C1BF930940080D2CD /* StoreKit.framework */ = {isa = PBXFileReference; lastKnownFileType = wrapper.framework; name = StoreKit.framework; path = System/Library/Frameworks/StoreKit.framework; sourceTree = SDKROOT; };
		18F69F5D1BF930940080D2CD /* SystemConfiguration.framework */ = {isa = PBXFileReference; lastKnownFileType = wrapper.framework; name = SystemConfiguration.framework; path = System/Library/Frameworks/SystemConfiguration.framework; sourceTree = SDKROOT; };
		EEABA0931BF4438B00B49F7A /* Fabric.app */ = {isa = PBXFileReference; explicitFileType = wrapper.application; includeInIndex = 0; path = Fabric.app; sourceTree = BUILT_PRODUCTS_DIR; };
		EEABA0961BF4438B00B49F7A /* AppDelegate.swift */ = {isa = PBXFileReference; lastKnownFileType = sourcecode.swift; path = AppDelegate.swift; sourceTree = "<group>"; };
		EEABA0981BF4438B00B49F7A /* MainViews.swift */ = {isa = PBXFileReference; lastKnownFileType = sourcecode.swift; path = MainViews.swift; sourceTree = "<group>"; };
		EEABA09B1BF4438B00B49F7A /* Base */ = {isa = PBXFileReference; lastKnownFileType = file.storyboard; name = Base; path = Base.lproj/Main.storyboard; sourceTree = "<group>"; };
		EEABA09E1BF4438B00B49F7A /* Fabric.xcdatamodel */ = {isa = PBXFileReference; lastKnownFileType = wrapper.xcdatamodel; path = Fabric.xcdatamodel; sourceTree = "<group>"; };
		EEABA0A01BF4438C00B49F7A /* Assets.xcassets */ = {isa = PBXFileReference; lastKnownFileType = folder.assetcatalog; path = Assets.xcassets; sourceTree = "<group>"; };
		EEABA0A31BF4438C00B49F7A /* Base */ = {isa = PBXFileReference; lastKnownFileType = file.storyboard; name = Base; path = Base.lproj/LaunchScreen.storyboard; sourceTree = "<group>"; };
		EEABA0A51BF4438C00B49F7A /* Info.plist */ = {isa = PBXFileReference; lastKnownFileType = text.plist.xml; path = Info.plist; sourceTree = "<group>"; };
		EEABA0AA1BF4438C00B49F7A /* FabricTests.xctest */ = {isa = PBXFileReference; explicitFileType = wrapper.cfbundle; includeInIndex = 0; path = FabricTests.xctest; sourceTree = BUILT_PRODUCTS_DIR; };
		EEABA0B51BF4438C00B49F7A /* FabricUITests.xctest */ = {isa = PBXFileReference; explicitFileType = wrapper.cfbundle; includeInIndex = 0; path = FabricUITests.xctest; sourceTree = BUILT_PRODUCTS_DIR; };
		EEF902ED1BF64D0700CA84A2 /* ThirstyScript.otf */ = {isa = PBXFileReference; lastKnownFileType = file; path = ThirstyScript.otf; sourceTree = "<group>"; };
/* End PBXFileReference section */

/* Begin PBXFrameworksBuildPhase section */
		EEABA0901BF4438B00B49F7A /* Frameworks */ = {
			isa = PBXFrameworksBuildPhase;
			buildActionMask = 2147483647;
			files = (
				18F69F5E1BF930940080D2CD /* AudioToolbox.framework in Frameworks */,
				18F69F5F1BF930940080D2CD /* CFNetwork.framework in Frameworks */,
				18F69F601BF930940080D2CD /* CoreGraphics.framework in Frameworks */,
				18F69F611BF930940080D2CD /* CoreLocation.framework in Frameworks */,
				18F69F621BF930940080D2CD /* libsqlite3.tbd in Frameworks */,
				18F69F631BF930940080D2CD /* libz.tbd in Frameworks */,
				18F69F641BF930940080D2CD /* QuartzCore.framework in Frameworks */,
				18F69F651BF930940080D2CD /* Security.framework in Frameworks */,
				18F69F661BF930940080D2CD /* Social.framework in Frameworks */,
				18F69F671BF930940080D2CD /* StoreKit.framework in Frameworks */,
				18F69F681BF930940080D2CD /* SystemConfiguration.framework in Frameworks */,
				18F69F521BF930520080D2CD /* Accounts.framework in Frameworks */,
				18F69F4A1BF930150080D2CD /* Parse.framework in Frameworks */,
				18F69F4B1BF930150080D2CD /* ParseCrashReporting.framework in Frameworks */,
				18F69F4F1BF930150080D2CD /* ParseUI.framework in Frameworks */,
				18F69F4C1BF930150080D2CD /* ParseFacebookUtils.framework in Frameworks */,
				18F69F491BF930150080D2CD /* Bolts.framework in Frameworks */,
				18F69F4E1BF930150080D2CD /* ParseTwitterUtils.framework in Frameworks */,
				18F69F4D1BF930150080D2CD /* ParseFacebookUtilsV4.framework in Frameworks */,
			);
			runOnlyForDeploymentPostprocessing = 0;
		};
		EEABA0A71BF4438C00B49F7A /* Frameworks */ = {
			isa = PBXFrameworksBuildPhase;
			buildActionMask = 2147483647;
			files = (
			);
			runOnlyForDeploymentPostprocessing = 0;
		};
		EEABA0B21BF4438C00B49F7A /* Frameworks */ = {
			isa = PBXFrameworksBuildPhase;
			buildActionMask = 2147483647;
			files = (
			);
			runOnlyForDeploymentPostprocessing = 0;
		};
/* End PBXFrameworksBuildPhase section */

/* Begin PBXGroup section */
		18F69F501BF9301D0080D2CD /* Frameworks */ = {
			isa = PBXGroup;
			children = (
				18F69F531BF930940080D2CD /* AudioToolbox.framework */,
				18F69F541BF930940080D2CD /* CFNetwork.framework */,
				18F69F551BF930940080D2CD /* CoreGraphics.framework */,
				18F69F561BF930940080D2CD /* CoreLocation.framework */,
				18F69F571BF930940080D2CD /* libsqlite3.tbd */,
				18F69F581BF930940080D2CD /* libz.tbd */,
				18F69F591BF930940080D2CD /* QuartzCore.framework */,
				18F69F5A1BF930940080D2CD /* Security.framework */,
				18F69F5B1BF930940080D2CD /* Social.framework */,
				18F69F5C1BF930940080D2CD /* StoreKit.framework */,
				18F69F5D1BF930940080D2CD /* SystemConfiguration.framework */,
				18F69F511BF930520080D2CD /* Accounts.framework */,
				18F69F421BF930150080D2CD /* Bolts.framework */,
				18F69F431BF930150080D2CD /* Parse.framework */,
				18F69F441BF930150080D2CD /* ParseCrashReporting.framework */,
				18F69F451BF930150080D2CD /* ParseFacebookUtils.framework */,
				18F69F461BF930150080D2CD /* ParseFacebookUtilsV4.framework */,
				18F69F471BF930150080D2CD /* ParseTwitterUtils.framework */,
				18F69F481BF930150080D2CD /* ParseUI.framework */,
			);
			name = Frameworks;
			sourceTree = "<group>";
		};
		EEABA08A1BF4438B00B49F7A = {
			isa = PBXGroup;
			children = (
				EEABA0951BF4438B00B49F7A /* Fabric */,
				EEABA0941BF4438B00B49F7A /* Products */,
				18F69F501BF9301D0080D2CD /* Frameworks */,
			);
			sourceTree = "<group>";
		};
		EEABA0941BF4438B00B49F7A /* Products */ = {
			isa = PBXGroup;
			children = (
				EEABA0931BF4438B00B49F7A /* Fabric.app */,
				EEABA0AA1BF4438C00B49F7A /* FabricTests.xctest */,
				EEABA0B51BF4438C00B49F7A /* FabricUITests.xctest */,
			);
			name = Products;
			sourceTree = "<group>";
		};
		EEABA0951BF4438B00B49F7A /* Fabric */ = {
			isa = PBXGroup;
			children = (
				EEABA0961BF4438B00B49F7A /* AppDelegate.swift */,
				EEABA0981BF4438B00B49F7A /* MainViews.swift */,
				EEABA09A1BF4438B00B49F7A /* Main.storyboard */,
				EEABA0A01BF4438C00B49F7A /* Assets.xcassets */,
				EEABA0A21BF4438C00B49F7A /* LaunchScreen.storyboard */,
				EEABA0A51BF4438C00B49F7A /* Info.plist */,
				EEABA09D1BF4438B00B49F7A /* Fabric.xcdatamodeld */,
				EEF902ED1BF64D0700CA84A2 /* ThirstyScript.otf */,
			);
			path = Fabric;
			sourceTree = "<group>";
		};
/* End PBXGroup section */

/* Begin PBXNativeTarget section */
		EEABA0921BF4438B00B49F7A /* Fabric */ = {
			isa = PBXNativeTarget;
			buildConfigurationList = EEABA0BE1BF4438C00B49F7A /* Build configuration list for PBXNativeTarget "Fabric" */;
			buildPhases = (
				EEABA08F1BF4438B00B49F7A /* Sources */,
				EEABA0901BF4438B00B49F7A /* Frameworks */,
				EEABA0911BF4438B00B49F7A /* Resources */,
			);
			buildRules = (
			);
			dependencies = (
			);
			name = Fabric;
			productName = Fabric;
			productReference = EEABA0931BF4438B00B49F7A /* Fabric.app */;
			productType = "com.apple.product-type.application";
		};
		EEABA0A91BF4438C00B49F7A /* FabricTests */ = {
			isa = PBXNativeTarget;
			buildConfigurationList = EEABA0C11BF4438C00B49F7A /* Build configuration list for PBXNativeTarget "FabricTests" */;
			buildPhases = (
				EEABA0A61BF4438C00B49F7A /* Sources */,
				EEABA0A71BF4438C00B49F7A /* Frameworks */,
				EEABA0A81BF4438C00B49F7A /* Resources */,
			);
			buildRules = (
			);
			dependencies = (
				EEABA0AC1BF4438C00B49F7A /* PBXTargetDependency */,
			);
			name = FabricTests;
			productName = FabricTests;
			productReference = EEABA0AA1BF4438C00B49F7A /* FabricTests.xctest */;
			productType = "com.apple.product-type.bundle.unit-test";
		};
		EEABA0B41BF4438C00B49F7A /* FabricUITests */ = {
			isa = PBXNativeTarget;
			buildConfigurationList = EEABA0C41BF4438C00B49F7A /* Build configuration list for PBXNativeTarget "FabricUITests" */;
			buildPhases = (
				EEABA0B11BF4438C00B49F7A /* Sources */,
				EEABA0B21BF4438C00B49F7A /* Frameworks */,
				EEABA0B31BF4438C00B49F7A /* Resources */,
			);
			buildRules = (
			);
			dependencies = (
				EEABA0B71BF4438C00B49F7A /* PBXTargetDependency */,
			);
			name = FabricUITests;
			productName = FabricUITests;
			productReference = EEABA0B51BF4438C00B49F7A /* FabricUITests.xctest */;
			productType = "com.apple.product-type.bundle.ui-testing";
		};
/* End PBXNativeTarget section */

/* Begin PBXProject section */
		EEABA08B1BF4438B00B49F7A /* Project object */ = {
			isa = PBXProject;
			attributes = {
				LastSwiftUpdateCheck = 0710;
				LastUpgradeCheck = 0710;
				ORGANIZATIONNAME = "NCCA-FBLA";
				TargetAttributes = {
					EEABA0921BF4438B00B49F7A = {
						CreatedOnToolsVersion = 7.1;
						DevelopmentTeam = J23G3AUQ53;
					};
					EEABA0A91BF4438C00B49F7A = {
						CreatedOnToolsVersion = 7.1;
						TestTargetID = EEABA0921BF4438B00B49F7A;
					};
					EEABA0B41BF4438C00B49F7A = {
						CreatedOnToolsVersion = 7.1;
						TestTargetID = EEABA0921BF4438B00B49F7A;
					};
				};
			};
			buildConfigurationList = EEABA08E1BF4438B00B49F7A /* Build configuration list for PBXProject "Fabric" */;
			compatibilityVersion = "Xcode 3.2";
			developmentRegion = English;
			hasScannedForEncodings = 0;
			knownRegions = (
				en,
				Base,
			);
			mainGroup = EEABA08A1BF4438B00B49F7A;
			productRefGroup = EEABA0941BF4438B00B49F7A /* Products */;
			projectDirPath = "";
			projectRoot = "";
			targets = (
				EEABA0921BF4438B00B49F7A /* Fabric */,
				EEABA0A91BF4438C00B49F7A /* FabricTests */,
				EEABA0B41BF4438C00B49F7A /* FabricUITests */,
			);
		};
/* End PBXProject section */

/* Begin PBXResourcesBuildPhase section */
		EEABA0911BF4438B00B49F7A /* Resources */ = {
			isa = PBXResourcesBuildPhase;
			buildActionMask = 2147483647;
			files = (
				EEABA0A41BF4438C00B49F7A /* LaunchScreen.storyboard in Resources */,
				EEF902EE1BF64D0700CA84A2 /* ThirstyScript.otf in Resources */,
				EEABA0A11BF4438C00B49F7A /* Assets.xcassets in Resources */,
				EEABA09C1BF4438B00B49F7A /* Main.storyboard in Resources */,
			);
			runOnlyForDeploymentPostprocessing = 0;
		};
		EEABA0A81BF4438C00B49F7A /* Resources */ = {
			isa = PBXResourcesBuildPhase;
			buildActionMask = 2147483647;
			files = (
			);
			runOnlyForDeploymentPostprocessing = 0;
		};
		EEABA0B31BF4438C00B49F7A /* Resources */ = {
			isa = PBXResourcesBuildPhase;
			buildActionMask = 2147483647;
			files = (
			);
			runOnlyForDeploymentPostprocessing = 0;
		};
/* End PBXResourcesBuildPhase section */

/* Begin PBXSourcesBuildPhase section */
		EEABA08F1BF4438B00B49F7A /* Sources */ = {
			isa = PBXSourcesBuildPhase;
			buildActionMask = 2147483647;
			files = (
				EEABA0991BF4438B00B49F7A /* MainViews.swift in Sources */,
				EEABA0971BF4438B00B49F7A /* AppDelegate.swift in Sources */,
				EEABA09F1BF4438B00B49F7A /* Fabric.xcdatamodeld in Sources */,
			);
			runOnlyForDeploymentPostprocessing = 0;
		};
		EEABA0A61BF4438C00B49F7A /* Sources */ = {
			isa = PBXSourcesBuildPhase;
			buildActionMask = 2147483647;
			files = (
			);
			runOnlyForDeploymentPostprocessing = 0;
		};
		EEABA0B11BF4438C00B49F7A /* Sources */ = {
			isa = PBXSourcesBuildPhase;
			buildActionMask = 2147483647;
			files = (
			);
			runOnlyForDeploymentPostprocessing = 0;
		};
/* End PBXSourcesBuildPhase section */

/* Begin PBXTargetDependency section */
		EEABA0AC1BF4438C00B49F7A /* PBXTargetDependency */ = {
			isa = PBXTargetDependency;
			target = EEABA0921BF4438B00B49F7A /* Fabric */;
			targetProxy = EEABA0AB1BF4438C00B49F7A /* PBXContainerItemProxy */;
		};
		EEABA0B71BF4438C00B49F7A /* PBXTargetDependency */ = {
			isa = PBXTargetDependency;
			target = EEABA0921BF4438B00B49F7A /* Fabric */;
			targetProxy = EEABA0B61BF4438C00B49F7A /* PBXContainerItemProxy */;
		};
/* End PBXTargetDependency section */

/* Begin PBXVariantGroup section */
		EEABA09A1BF4438B00B49F7A /* Main.storyboard */ = {
			isa = PBXVariantGroup;
			children = (
				EEABA09B1BF4438B00B49F7A /* Base */,
			);
			name = Main.storyboard;
			sourceTree = "<group>";
		};
		EEABA0A21BF4438C00B49F7A /* LaunchScreen.storyboard */ = {
			isa = PBXVariantGroup;
			children = (
				EEABA0A31BF4438C00B49F7A /* Base */,
			);
			name = LaunchScreen.storyboard;
			sourceTree = "<group>";
		};
/* End PBXVariantGroup section */

/* Begin XCBuildConfiguration section */
		EEABA0BC1BF4438C00B49F7A /* Debug */ = {
			isa = XCBuildConfiguration;
			buildSettings = {
				ALWAYS_SEARCH_USER_PATHS = NO;
				CLANG_CXX_LANGUAGE_STANDARD = "gnu++0x";
				CLANG_CXX_LIBRARY = "libc++";
				CLANG_ENABLE_MODULES = YES;
				CLANG_ENABLE_OBJC_ARC = YES;
				CLANG_WARN_BOOL_CONVERSION = YES;
				CLANG_WARN_CONSTANT_CONVERSION = YES;
				CLANG_WARN_DIRECT_OBJC_ISA_USAGE = YES_ERROR;
				CLANG_WARN_EMPTY_BODY = YES;
				CLANG_WARN_ENUM_CONVERSION = YES;
				CLANG_WARN_INT_CONVERSION = YES;
				CLANG_WARN_OBJC_ROOT_CLASS = YES_ERROR;
				CLANG_WARN_UNREACHABLE_CODE = YES;
				CLANG_WARN__DUPLICATE_METHOD_MATCH = YES;
				"CODE_SIGN_IDENTITY[sdk=iphoneos*]" = "iPhone Developer";
				COPY_PHASE_STRIP = NO;
				DEBUG_INFORMATION_FORMAT = dwarf;
				ENABLE_STRICT_OBJC_MSGSEND = YES;
				ENABLE_TESTABILITY = YES;
				GCC_C_LANGUAGE_STANDARD = gnu99;
				GCC_DYNAMIC_NO_PIC = NO;
				GCC_NO_COMMON_BLOCKS = YES;
				GCC_OPTIMIZATION_LEVEL = 0;
				GCC_PREPROCESSOR_DEFINITIONS = (
					"DEBUG=1",
					"$(inherited)",
				);
				GCC_WARN_64_TO_32_BIT_CONVERSION = YES;
				GCC_WARN_ABOUT_RETURN_TYPE = YES_ERROR;
				GCC_WARN_UNDECLARED_SELECTOR = YES;
				GCC_WARN_UNINITIALIZED_AUTOS = YES_AGGRESSIVE;
				GCC_WARN_UNUSED_FUNCTION = YES;
				GCC_WARN_UNUSED_VARIABLE = YES;
				IPHONEOS_DEPLOYMENT_TARGET = 9.1;
				MTL_ENABLE_DEBUG_INFO = YES;
				ONLY_ACTIVE_ARCH = YES;
				SDKROOT = iphoneos;
				SWIFT_OPTIMIZATION_LEVEL = "-Onone";
				TARGETED_DEVICE_FAMILY = "1,2";
			};
			name = Debug;
		};
		EEABA0BD1BF4438C00B49F7A /* Release */ = {
			isa = XCBuildConfiguration;
			buildSettings = {
				ALWAYS_SEARCH_USER_PATHS = NO;
				CLANG_CXX_LANGUAGE_STANDARD = "gnu++0x";
				CLANG_CXX_LIBRARY = "libc++";
				CLANG_ENABLE_MODULES = YES;
				CLANG_ENABLE_OBJC_ARC = YES;
				CLANG_WARN_BOOL_CONVERSION = YES;
				CLANG_WARN_CONSTANT_CONVERSION = YES;
				CLANG_WARN_DIRECT_OBJC_ISA_USAGE = YES_ERROR;
				CLANG_WARN_EMPTY_BODY = YES;
				CLANG_WARN_ENUM_CONVERSION = YES;
				CLANG_WARN_INT_CONVERSION = YES;
				CLANG_WARN_OBJC_ROOT_CLASS = YES_ERROR;
				CLANG_WARN_UNREACHABLE_CODE = YES;
				CLANG_WARN__DUPLICATE_METHOD_MATCH = YES;
				"CODE_SIGN_IDENTITY[sdk=iphoneos*]" = "iPhone Developer";
				COPY_PHASE_STRIP = NO;
				DEBUG_INFORMATION_FORMAT = "dwarf-with-dsym";
				ENABLE_NS_ASSERTIONS = NO;
				ENABLE_STRICT_OBJC_MSGSEND = YES;
				GCC_C_LANGUAGE_STANDARD = gnu99;
				GCC_NO_COMMON_BLOCKS = YES;
				GCC_WARN_64_TO_32_BIT_CONVERSION = YES;
				GCC_WARN_ABOUT_RETURN_TYPE = YES_ERROR;
				GCC_WARN_UNDECLARED_SELECTOR = YES;
				GCC_WARN_UNINITIALIZED_AUTOS = YES_AGGRESSIVE;
				GCC_WARN_UNUSED_FUNCTION = YES;
				GCC_WARN_UNUSED_VARIABLE = YES;
				IPHONEOS_DEPLOYMENT_TARGET = 9.1;
				MTL_ENABLE_DEBUG_INFO = NO;
				SDKROOT = iphoneos;
				TARGETED_DEVICE_FAMILY = "1,2";
				VALIDATE_PRODUCT = YES;
			};
			name = Release;
		};
		EEABA0BF1BF4438C00B49F7A /* Debug */ = {
			isa = XCBuildConfiguration;
			buildSettings = {
				ASSETCATALOG_COMPILER_APPICON_NAME = AppIcon;
				CODE_SIGN_IDENTITY = "iPhone Developer";
				"CODE_SIGN_IDENTITY[sdk=iphoneos*]" = "iPhone Developer";
				FRAMEWORK_SEARCH_PATHS = (
					"$(inherited)",
					"$(PROJECT_DIR)",
				);
				INFOPLIST_FILE = Fabric/Info.plist;
				IPHONEOS_DEPLOYMENT_TARGET = 8.0;
				LD_RUNPATH_SEARCH_PATHS = "$(inherited) @executable_path/Frameworks";
				PRODUCT_BUNDLE_IDENTIFIER = "io.github.ncca-fbla.Fabric";
				PRODUCT_NAME = "$(TARGET_NAME)";
				PROVISIONING_PROFILE = "";
			};
			name = Debug;
		};
		EEABA0C01BF4438C00B49F7A /* Release */ = {
			isa = XCBuildConfiguration;
			buildSettings = {
				ASSETCATALOG_COMPILER_APPICON_NAME = AppIcon;
				CODE_SIGN_IDENTITY = "iPhone Developer";
				"CODE_SIGN_IDENTITY[sdk=iphoneos*]" = "iPhone Developer";
				FRAMEWORK_SEARCH_PATHS = (
					"$(inherited)",
					"$(PROJECT_DIR)",
				);
				INFOPLIST_FILE = Fabric/Info.plist;
				IPHONEOS_DEPLOYMENT_TARGET = 8.0;
				LD_RUNPATH_SEARCH_PATHS = "$(inherited) @executable_path/Frameworks";
				PRODUCT_BUNDLE_IDENTIFIER = "io.github.ncca-fbla.Fabric";
				PRODUCT_NAME = "$(TARGET_NAME)";
				PROVISIONING_PROFILE = "";
			};
			name = Release;
		};
		EEABA0C21BF4438C00B49F7A /* Debug */ = {
			isa = XCBuildConfiguration;
			buildSettings = {
				BUNDLE_LOADER = "$(TEST_HOST)";
				INFOPLIST_FILE = FabricTests/Info.plist;
				LD_RUNPATH_SEARCH_PATHS = "$(inherited) @executable_path/Frameworks @loader_path/Frameworks";
				PRODUCT_BUNDLE_IDENTIFIER = "io.github.ncca-fbla.FabricTests";
				PRODUCT_NAME = "$(TARGET_NAME)";
				TEST_HOST = "$(BUILT_PRODUCTS_DIR)/Fabric.app/Fabric";
			};
			name = Debug;
		};
		EEABA0C31BF4438C00B49F7A /* Release */ = {
			isa = XCBuildConfiguration;
			buildSettings = {
				BUNDLE_LOADER = "$(TEST_HOST)";
				INFOPLIST_FILE = FabricTests/Info.plist;
				LD_RUNPATH_SEARCH_PATHS = "$(inherited) @executable_path/Frameworks @loader_path/Frameworks";
				PRODUCT_BUNDLE_IDENTIFIER = "io.github.ncca-fbla.FabricTests";
				PRODUCT_NAME = "$(TARGET_NAME)";
				TEST_HOST = "$(BUILT_PRODUCTS_DIR)/Fabric.app/Fabric";
			};
			name = Release;
		};
		EEABA0C51BF4438C00B49F7A /* Debug */ = {
			isa = XCBuildConfiguration;
			buildSettings = {
				INFOPLIST_FILE = FabricUITests/Info.plist;
				LD_RUNPATH_SEARCH_PATHS = "$(inherited) @executable_path/Frameworks @loader_path/Frameworks";
				PRODUCT_BUNDLE_IDENTIFIER = "io.github.ncca-fbla.FabricUITests";
				PRODUCT_NAME = "$(TARGET_NAME)";
				TEST_TARGET_NAME = Fabric;
				USES_XCTRUNNER = YES;
			};
			name = Debug;
		};
		EEABA0C61BF4438C00B49F7A /* Release */ = {
			isa = XCBuildConfiguration;
			buildSettings = {
				INFOPLIST_FILE = FabricUITests/Info.plist;
				LD_RUNPATH_SEARCH_PATHS = "$(inherited) @executable_path/Frameworks @loader_path/Frameworks";
				PRODUCT_BUNDLE_IDENTIFIER = "io.github.ncca-fbla.FabricUITests";
				PRODUCT_NAME = "$(TARGET_NAME)";
				TEST_TARGET_NAME = Fabric;
				USES_XCTRUNNER = YES;
			};
			name = Release;
		};
/* End XCBuildConfiguration section */

/* Begin XCConfigurationList section */
		EEABA08E1BF4438B00B49F7A /* Build configuration list for PBXProject "Fabric" */ = {
			isa = XCConfigurationList;
			buildConfigurations = (
				EEABA0BC1BF4438C00B49F7A /* Debug */,
				EEABA0BD1BF4438C00B49F7A /* Release */,
			);
			defaultConfigurationIsVisible = 0;
			defaultConfigurationName = Release;
		};
		EEABA0BE1BF4438C00B49F7A /* Build configuration list for PBXNativeTarget "Fabric" */ = {
			isa = XCConfigurationList;
			buildConfigurations = (
				EEABA0BF1BF4438C00B49F7A /* Debug */,
				EEABA0C01BF4438C00B49F7A /* Release */,
			);
			defaultConfigurationIsVisible = 0;
			defaultConfigurationName = Release;
		};
		EEABA0C11BF4438C00B49F7A /* Build configuration list for PBXNativeTarget "FabricTests" */ = {
			isa = XCConfigurationList;
			buildConfigurations = (
				EEABA0C21BF4438C00B49F7A /* Debug */,
				EEABA0C31BF4438C00B49F7A /* Release */,
			);
			defaultConfigurationIsVisible = 0;
			defaultConfigurationName = Release;
		};
		EEABA0C41BF4438C00B49F7A /* Build configuration list for PBXNativeTarget "FabricUITests" */ = {
			isa = XCConfigurationList;
			buildConfigurations = (
				EEABA0C51BF4438C00B49F7A /* Debug */,
				EEABA0C61BF4438C00B49F7A /* Release */,
			);
			defaultConfigurationIsVisible = 0;
			defaultConfigurationName = Release;
		};
/* End XCConfigurationList section */

/* Begin XCVersionGroup section */
		EEABA09D1BF4438B00B49F7A /* Fabric.xcdatamodeld */ = {
			isa = XCVersionGroup;
			children = (
				EEABA09E1BF4438B00B49F7A /* Fabric.xcdatamodel */,
			);
			currentVersion = EEABA09E1BF4438B00B49F7A /* Fabric.xcdatamodel */;
			path = Fabric.xcdatamodeld;
			sourceTree = "<group>";
			versionGroupType = wrapper.xcdatamodel;
		};
/* End XCVersionGroup section */
	};
	rootObject = EEABA08B1BF4438B00B49F7A /* Project object */;
}
